
Microsoft Visual Studio Solution File, Format Version 12.00
# Visual Studio Version 17
VisualStudioVersion = 17.14.36518.9
MinimumVisualStudioVersion = 10.0.40219.1
Project("{8BC9CEB8-8B4A-11D0-8D11-00A0C91BC942}") = "Lesson_52_WriteMode_WriteDataToFile", "Lesson_52_WriteMode_WriteDataToFile\Lesson_52_WriteMode_WriteDataToFile.vcxproj", "{71476863-546E-449D-BFCF-06BDF4E4AAB6}"
EndProject
Project("{8BC9CEB8-8B4A-11D0-8D11-00A0C91BC942}") = "Lesson_53_AppendMode_AppendDataToFile", "Lesson_53_AppendMode_AppendDataToFile\Lesson_53_AppendMode_AppendDataToFile.vcxproj", "{20268D9C-9008-43F4-88D2-F66F7EA90567}"
EndProject
Project("{8BC9CEB8-8B4A-11D0-8D11-00A0C91BC942}") = "Lesson_54_ReadMode__PrintFileContent", "Lesson_54_ReadMode__PrintFileContent\Lesson_54_ReadMode__PrintFileContent.vcxproj", "{52923F2D-890D-460D-A3AA-CD59C791122B}"
EndProject
Global
	GlobalSection(SolutionConfigurationPlatforms) = preSolution
		Debug|x64 = Debug|x64
		Debug|x86 = Debug|x86
		Release|x64 = Release|x64
		Release|x86 = Release|x86
	EndGlobalSection
	GlobalSection(ProjectConfigurationPlatforms) = postSolution
		{71476863-546E-449D-BFCF-06BDF4E4AAB6}.Debug|x64.ActiveCfg = Debug|x64
		{71476863-546E-449D-BFCF-06BDF4E4AAB6}.Debug|x64.Build.0 = Debug|x64
		{71476863-546E-449D-BFCF-06BDF4E4AAB6}.Debug|x86.ActiveCfg = Debug|Win32
		{71476863-546E-449D-BFCF-06BDF4E4AAB6}.Debug|x86.Build.0 = Debug|Win32
		{71476863-546E-449D-BFCF-06BDF4E4AAB6}.Release|x64.ActiveCfg = Release|x64
		{71476863-546E-449D-BFCF-06BDF4E4AAB6}.Release|x64.Build.0 = Release|x64
		{71476863-546E-449D-BFCF-06BDF4E4AAB6}.Release|x86.ActiveCfg = Release|Win32
		{71476863-546E-449D-BFCF-06BDF4E4AAB6}.Release|x86.Build.0 = Release|Win32
		{20268D9C-9008-43F4-88D2-F66F7EA90567}.Debug|x64.ActiveCfg = Debug|x64
		{20268D9C-9008-43F4-88D2-F66F7EA90567}.Debug|x64.Build.0 = Debug|x64
		{20268D9C-9008-43F4-88D2-F66F7EA90567}.Debug|x86.ActiveCfg = Debug|Win32
		{20268D9C-9008-43F4-88D2-F66F7EA90567}.Debug|x86.Build.0 = Debug|Win32
		{20268D9C-9008-43F4-88D2-F66F7EA90567}.Release|x64.ActiveCfg = Release|x64
		{20268D9C-9008-43F4-88D2-F66F7EA90567}.Release|x64.Build.0 = Release|x64
		{20268D9C-9008-43F4-88D2-F66F7EA90567}.Release|x86.ActiveCfg = Release|Win32
		{20268D9C-9008-43F4-88D2-F66F7EA90567}.Release|x86.Build.0 = Release|Win32
		{52923F2D-890D-460D-A3AA-CD59C791122B}.Debug|x64.ActiveCfg = Debug|x64
		{52923F2D-890D-460D-A3AA-CD59C791122B}.Debug|x64.Build.0 = Debug|x64
		{52923F2D-890D-460D-A3AA-CD59C791122B}.Debug|x86.ActiveCfg = Debug|Win32
		{52923F2D-890D-460D-A3AA-CD59C791122B}.Debug|x86.Build.0 = Debug|Win32
		{52923F2D-890D-460D-A3AA-CD59C791122B}.Release|x64.ActiveCfg = Release|x64
		{52923F2D-890D-460D-A3AA-CD59C791122B}.Release|x64.Build.0 = Release|x64
		{52923F2D-890D-460D-A3AA-CD59C791122B}.Release|x86.ActiveCfg = Release|Win32
		{52923F2D-890D-460D-A3AA-CD59C791122B}.Release|x86.Build.0 = Release|Win32
	EndGlobalSection
	GlobalSection(SolutionProperties) = preSolution
		HideSolutionNode = FALSE
	EndGlobalSection
	GlobalSection(ExtensibilityGlobals) = postSolution
		SolutionGuid = {EA44DE42-9017-4EC6-958C-F2440A565A08}
	EndGlobalSection
EndGlobal
